
Microsoft Visual Studio Solution File, Format Version 12.00
# Visual Studio Version 17
VisualStudioVersion = 17.4.33205.214
MinimumVisualStudioVersion = 10.0.40219.1
Project("{FAE04EC0-301F-11D3-BF4B-00C04F79EFBC}") = "NetApiK8s", "NetApiK8s.csproj", "{CDF9E96F-C89E-41E0-8943-151D55AB77C5}"
EndProject
Global
	GlobalSection(SolutionConfigurationPlatforms) = preSolution
		Debug|Any CPU = Debug|Any CPU
		Release|Any CPU = Release|Any CPU
	EndGlobalSection
	GlobalSection(ProjectConfigurationPlatforms) = postSolution
		{CDF9E96F-C89E-41E0-8943-151D55AB77C5}.Debug|Any CPU.ActiveCfg = Debug|Any CPU
		{CDF9E96F-C89E-41E0-8943-151D55AB77C5}.Debug|Any CPU.Build.0 = Debug|Any CPU
		{CDF9E96F-C89E-41E0-8943-151D55AB77C5}.Release|Any CPU.ActiveCfg = Release|Any CPU
		{CDF9E96F-C89E-41E0-8943-151D55AB77C5}.Release|Any CPU.Build.0 = Release|Any CPU
	EndGlobalSection
	GlobalSection(SolutionProperties) = preSolution
		HideSolutionNode = FALSE
	EndGlobalSection
	GlobalSection(ExtensibilityGlobals) = postSolution
		SolutionGuid = {785B2465-D7A8-4FA4-A463-D904C6345280}
	EndGlobalSection
EndGlobal
